
Microsoft Visual Studio Solution File, Format Version 12.00
# Visual Studio Version 17
VisualStudioVersion = 17.2.32616.157
MinimumVisualStudioVersion = 10.0.40219.1
Project("{8BC9CEB8-8B4A-11D0-8D11-00A0C91BC942}") = "01.Array", "01.Array\01.Array.vcxproj", "{59F235A1-2FF4-412E-A268-7D068E3806DC}"
EndProject
Project("{8BC9CEB8-8B4A-11D0-8D11-00A0C91BC942}") = "02.STL_Vector", "02.STL_Vector\02.STL_Vector.vcxproj", "{A9178703-C7B4-4491-AB41-4E07D736EC63}"
EndProject
Project("{8BC9CEB8-8B4A-11D0-8D11-00A0C91BC942}") = "03.CPP_Vector", "03.CPP_Vector\03.CPP_Vector.vcxproj", "{34DEE2D6-9640-461E-89D1-B261B5151229}"
EndProject
Project("{8BC9CEB8-8B4A-11D0-8D11-00A0C91BC942}") = "04.CPP_Stack", "04.CPP_Stack\04.CPP_Stack.vcxproj", "{4EE1E137-6731-4416-A01A-1D0D3E88FA22}"
EndProject
Project("{8BC9CEB8-8B4A-11D0-8D11-00A0C91BC942}") = "05.CPP_StackMaze", "05.CPP_StackMaze\05.CPP_StackMaze.vcxproj", "{E49FB607-AD21-4626-BC5D-F99F72790E39}"
EndProject
Project("{8BC9CEB8-8B4A-11D0-8D11-00A0C91BC942}") = "06.CPP_Queue", "06.CPP_Queue\06.CPP_Queue.vcxproj", "{06BE9653-8204-4938-836E-BA300E8877EF}"
EndProject
Project("{8BC9CEB8-8B4A-11D0-8D11-00A0C91BC942}") = "07.CPP_QueueMaze", "07.CPP_QueueMaze\07.CPP_QueueMaze.vcxproj", "{ABB1CC2D-523C-4AAD-8F23-942AFFD422E7}"
EndProject
Project("{8BC9CEB8-8B4A-11D0-8D11-00A0C91BC942}") = "08.CPP_Deque", "08.CPP_Deque\08.CPP_Deque.vcxproj", "{E197BB15-C205-43DB-9A9D-66731B382721}"
EndProject
Project("{8BC9CEB8-8B4A-11D0-8D11-00A0C91BC942}") = "09.CPP_GameLoop", "09.CPP_GameLoop\09.CPP_GameLoop.vcxproj", "{6F5F9337-476A-4456-AEF0-521557BC260B}"
EndProject
Project("{8BC9CEB8-8B4A-11D0-8D11-00A0C91BC942}") = "10.CPP_LinkedList", "10.CPP_LinkedList\10.CPP_LinkedList.vcxproj", "{5D6D55E9-A9FB-45E6-81B6-076FAAA674D1}"
EndProject
Project("{8BC9CEB8-8B4A-11D0-8D11-00A0C91BC942}") = "11.CPP_String", "11.CPP_String\11.CPP_String.vcxproj", "{D357D6C1-3B17-4EBB-97D4-53EB12501F34}"
EndProject
Project("{8BC9CEB8-8B4A-11D0-8D11-00A0C91BC942}") = "12.CPP_LinkedList(Task)", "12.CPP_LinkedList(Task)\12.CPP_LinkedList(Task).vcxproj", "{04EAE967-2F64-4252-AE43-F7779C34EA0D}"
EndProject
Project("{8BC9CEB8-8B4A-11D0-8D11-00A0C91BC942}") = "00.Note", "00.Note\00.Note.vcxproj", "{339AE708-2BCD-46F0-97CF-D2EFCCE1C1A0}"
EndProject
Project("{8BC9CEB8-8B4A-11D0-8D11-00A0C91BC942}") = "13.CPP_LinkedList(Doble)", "13.CPP_LinkedList(Doble)\13.CPP_LinkedList(Doble).vcxproj", "{833F90B3-F10B-4053-ABF1-D2868DE72301}"
EndProject
Project("{8BC9CEB8-8B4A-11D0-8D11-00A0C91BC942}") = "14.CPP_HashTable", "14.CPP_HashTable\14.CPP_HashTable.vcxproj", "{83012E45-8039-49C3-A905-BB50CE2B17E6}"
EndProject
Global
	GlobalSection(SolutionConfigurationPlatforms) = preSolution
		Debug|x64 = Debug|x64
		Debug|x86 = Debug|x86
		Release|x64 = Release|x64
		Release|x86 = Release|x86
	EndGlobalSection
	GlobalSection(ProjectConfigurationPlatforms) = postSolution
		{59F235A1-2FF4-412E-A268-7D068E3806DC}.Debug|x64.ActiveCfg = Debug|x64
		{59F235A1-2FF4-412E-A268-7D068E3806DC}.Debug|x64.Build.0 = Debug|x64
		{59F235A1-2FF4-412E-A268-7D068E3806DC}.Debug|x86.ActiveCfg = Debug|Win32
		{59F235A1-2FF4-412E-A268-7D068E3806DC}.Debug|x86.Build.0 = Debug|Win32
		{59F235A1-2FF4-412E-A268-7D068E3806DC}.Release|x64.ActiveCfg = Release|x64
		{59F235A1-2FF4-412E-A268-7D068E3806DC}.Release|x64.Build.0 = Release|x64
		{59F235A1-2FF4-412E-A268-7D068E3806DC}.Release|x86.ActiveCfg = Release|Win32
		{59F235A1-2FF4-412E-A268-7D068E3806DC}.Release|x86.Build.0 = Release|Win32
		{A9178703-C7B4-4491-AB41-4E07D736EC63}.Debug|x64.ActiveCfg = Debug|x64
		{A9178703-C7B4-4491-AB41-4E07D736EC63}.Debug|x64.Build.0 = Debug|x64
		{A9178703-C7B4-4491-AB41-4E07D736EC63}.Debug|x86.ActiveCfg = Debug|Win32
		{A9178703-C7B4-4491-AB41-4E07D736EC63}.Debug|x86.Build.0 = Debug|Win32
		{A9178703-C7B4-4491-AB41-4E07D736EC63}.Release|x64.ActiveCfg = Release|x64
		{A9178703-C7B4-4491-AB41-4E07D736EC63}.Release|x64.Build.0 = Release|x64
		{A9178703-C7B4-4491-AB41-4E07D736EC63}.Release|x86.ActiveCfg = Release|Win32
		{A9178703-C7B4-4491-AB41-4E07D736EC63}.Release|x86.Build.0 = Release|Win32
		{34DEE2D6-9640-461E-89D1-B261B5151229}.Debug|x64.ActiveCfg = Debug|x64
		{34DEE2D6-9640-461E-89D1-B261B5151229}.Debug|x64.Build.0 = Debug|x64
		{34DEE2D6-9640-461E-89D1-B261B5151229}.Debug|x86.ActiveCfg = Debug|Win32
		{34DEE2D6-9640-461E-89D1-B261B5151229}.Debug|x86.Build.0 = Debug|Win32
		{34DEE2D6-9640-461E-89D1-B261B5151229}.Release|x64.ActiveCfg = Release|x64
		{34DEE2D6-9640-461E-89D1-B261B5151229}.Release|x64.Build.0 = Release|x64
		{34DEE2D6-9640-461E-89D1-B261B5151229}.Release|x86.ActiveCfg = Release|Win32
		{34DEE2D6-9640-461E-89D1-B261B5151229}.Release|x86.Build.0 = Release|Win32
		{4EE1E137-6731-4416-A01A-1D0D3E88FA22}.Debug|x64.ActiveCfg = Debug|x64
		{4EE1E137-6731-4416-A01A-1D0D3E88FA22}.Debug|x64.Build.0 = Debug|x64
		{4EE1E137-6731-4416-A01A-1D0D3E88FA22}.Debug|x86.ActiveCfg = Debug|Win32
		{4EE1E137-6731-4416-A01A-1D0D3E88FA22}.Debug|x86.Build.0 = Debug|Win32
		{4EE1E137-6731-4416-A01A-1D0D3E88FA22}.Release|x64.ActiveCfg = Release|x64
		{4EE1E137-6731-4416-A01A-1D0D3E88FA22}.Release|x64.Build.0 = Release|x64
		{4EE1E137-6731-4416-A01A-1D0D3E88FA22}.Release|x86.ActiveCfg = Release|Win32
		{4EE1E137-6731-4416-A01A-1D0D3E88FA22}.Release|x86.Build.0 = Release|Win32
		{E49FB607-AD21-4626-BC5D-F99F72790E39}.Debug|x64.ActiveCfg = Debug|x64
		{E49FB607-AD21-4626-BC5D-F99F72790E39}.Debug|x64.Build.0 = Debug|x64
		{E49FB607-AD21-4626-BC5D-F99F72790E39}.Debug|x86.ActiveCfg = Debug|Win32
		{E49FB607-AD21-4626-BC5D-F99F72790E39}.Debug|x86.Build.0 = Debug|Win32
		{E49FB607-AD21-4626-BC5D-F99F72790E39}.Release|x64.ActiveCfg = Release|x64
		{E49FB607-AD21-4626-BC5D-F99F72790E39}.Release|x64.Build.0 = Release|x64
		{E49FB607-AD21-4626-BC5D-F99F72790E39}.Release|x86.ActiveCfg = Release|Win32
		{E49FB607-AD21-4626-BC5D-F99F72790E39}.Release|x86.Build.0 = Release|Win32
		{06BE9653-8204-4938-836E-BA300E8877EF}.Debug|x64.ActiveCfg = Debug|x64
		{06BE9653-8204-4938-836E-BA300E8877EF}.Debug|x64.Build.0 = Debug|x64
		{06BE9653-8204-4938-836E-BA300E8877EF}.Debug|x86.ActiveCfg = Debug|Win32
		{06BE9653-8204-4938-836E-BA300E8877EF}.Debug|x86.Build.0 = Debug|Win32
		{06BE9653-8204-4938-836E-BA300E8877EF}.Release|x64.ActiveCfg = Release|x64
		{06BE9653-8204-4938-836E-BA300E8877EF}.Release|x64.Build.0 = Release|x64
		{06BE9653-8204-4938-836E-BA300E8877EF}.Release|x86.ActiveCfg = Release|Win32
		{06BE9653-8204-4938-836E-BA300E8877EF}.Release|x86.Build.0 = Release|Win32
		{ABB1CC2D-523C-4AAD-8F23-942AFFD422E7}.Debug|x64.ActiveCfg = Debug|x64
		{ABB1CC2D-523C-4AAD-8F23-942AFFD422E7}.Debug|x64.Build.0 = Debug|x64
		{ABB1CC2D-523C-4AAD-8F23-942AFFD422E7}.Debug|x86.ActiveCfg = Debug|Win32
		{ABB1CC2D-523C-4AAD-8F23-942AFFD422E7}.Debug|x86.Build.0 = Debug|Win32
		{ABB1CC2D-523C-4AAD-8F23-942AFFD422E7}.Release|x64.ActiveCfg = Release|x64
		{ABB1CC2D-523C-4AAD-8F23-942AFFD422E7}.Release|x64.Build.0 = Release|x64
		{ABB1CC2D-523C-4AAD-8F23-942AFFD422E7}.Release|x86.ActiveCfg = Release|Win32
		{ABB1CC2D-523C-4AAD-8F23-942AFFD422E7}.Release|x86.Build.0 = Release|Win32
		{E197BB15-C205-43DB-9A9D-66731B382721}.Debug|x64.ActiveCfg = Debug|x64
		{E197BB15-C205-43DB-9A9D-66731B382721}.Debug|x64.Build.0 = Debug|x64
		{E197BB15-C205-43DB-9A9D-66731B382721}.Debug|x86.ActiveCfg = Debug|Win32
		{E197BB15-C205-43DB-9A9D-66731B382721}.Debug|x86.Build.0 = Debug|Win32
		{E197BB15-C205-43DB-9A9D-66731B382721}.Release|x64.ActiveCfg = Release|x64
		{E197BB15-C205-43DB-9A9D-66731B382721}.Release|x64.Build.0 = Release|x64
		{E197BB15-C205-43DB-9A9D-66731B382721}.Release|x86.ActiveCfg = Release|Win32
		{E197BB15-C205-43DB-9A9D-66731B382721}.Release|x86.Build.0 = Release|Win32
		{6F5F9337-476A-4456-AEF0-521557BC260B}.Debug|x64.ActiveCfg = Debug|x64
		{6F5F9337-476A-4456-AEF0-521557BC260B}.Debug|x64.Build.0 = Debug|x64
		{6F5F9337-476A-4456-AEF0-521557BC260B}.Debug|x86.ActiveCfg = Debug|Win32
		{6F5F9337-476A-4456-AEF0-521557BC260B}.Debug|x86.Build.0 = Debug|Win32
		{6F5F9337-476A-4456-AEF0-521557BC260B}.Release|x64.ActiveCfg = Release|x64
		{6F5F9337-476A-4456-AEF0-521557BC260B}.Release|x64.Build.0 = Release|x64
		{6F5F9337-476A-4456-AEF0-521557BC260B}.Release|x86.ActiveCfg = Release|Win32
		{6F5F9337-476A-4456-AEF0-521557BC260B}.Release|x86.Build.0 = Release|Win32
		{5D6D55E9-A9FB-45E6-81B6-076FAAA674D1}.Debug|x64.ActiveCfg = Debug|x64
		{5D6D55E9-A9FB-45E6-81B6-076FAAA674D1}.Debug|x64.Build.0 = Debug|x64
		{5D6D55E9-A9FB-45E6-81B6-076FAAA674D1}.Debug|x86.ActiveCfg = Debug|Win32
		{5D6D55E9-A9FB-45E6-81B6-076FAAA674D1}.Debug|x86.Build.0 = Debug|Win32
		{5D6D55E9-A9FB-45E6-81B6-076FAAA674D1}.Release|x64.ActiveCfg = Release|x64
		{5D6D55E9-A9FB-45E6-81B6-076FAAA674D1}.Release|x64.Build.0 = Release|x64
		{5D6D55E9-A9FB-45E6-81B6-076FAAA674D1}.Release|x86.ActiveCfg = Release|Win32
		{5D6D55E9-A9FB-45E6-81B6-076FAAA674D1}.Release|x86.Build.0 = Release|Win32
		{D357D6C1-3B17-4EBB-97D4-53EB12501F34}.Debug|x64.ActiveCfg = Debug|x64
		{D357D6C1-3B17-4EBB-97D4-53EB12501F34}.Debug|x64.Build.0 = Debug|x64
		{D357D6C1-3B17-4EBB-97D4-53EB12501F34}.Debug|x86.ActiveCfg = Debug|Win32
		{D357D6C1-3B17-4EBB-97D4-53EB12501F34}.Debug|x86.Build.0 = Debug|Win32
		{D357D6C1-3B17-4EBB-97D4-53EB12501F34}.Release|x64.ActiveCfg = Release|x64
		{D357D6C1-3B17-4EBB-97D4-53EB12501F34}.Release|x64.Build.0 = Release|x64
		{D357D6C1-3B17-4EBB-97D4-53EB12501F34}.Release|x86.ActiveCfg = Release|Win32
		{D357D6C1-3B17-4EBB-97D4-53EB12501F34}.Release|x86.Build.0 = Release|Win32
		{04EAE967-2F64-4252-AE43-F7779C34EA0D}.Debug|x64.ActiveCfg = Debug|x64
		{04EAE967-2F64-4252-AE43-F7779C34EA0D}.Debug|x64.Build.0 = Debug|x64
		{04EAE967-2F64-4252-AE43-F7779C34EA0D}.Debug|x86.ActiveCfg = Debug|Win32
		{04EAE967-2F64-4252-AE43-F7779C34EA0D}.Debug|x86.Build.0 = Debug|Win32
		{04EAE967-2F64-4252-AE43-F7779C34EA0D}.Release|x64.ActiveCfg = Release|x64
		{04EAE967-2F64-4252-AE43-F7779C34EA0D}.Release|x64.Build.0 = Release|x64
		{04EAE967-2F64-4252-AE43-F7779C34EA0D}.Release|x86.ActiveCfg = Release|Win32
		{04EAE967-2F64-4252-AE43-F7779C34EA0D}.Release|x86.Build.0 = Release|Win32
		{339AE708-2BCD-46F0-97CF-D2EFCCE1C1A0}.Debug|x64.ActiveCfg = Debug|x64
		{339AE708-2BCD-46F0-97CF-D2EFCCE1C1A0}.Debug|x64.Build.0 = Debug|x64
		{339AE708-2BCD-46F0-97CF-D2EFCCE1C1A0}.Debug|x86.ActiveCfg = Debug|Win32
		{339AE708-2BCD-46F0-97CF-D2EFCCE1C1A0}.Debug|x86.Build.0 = Debug|Win32
		{339AE708-2BCD-46F0-97CF-D2EFCCE1C1A0}.Release|x64.ActiveCfg = Release|x64
		{339AE708-2BCD-46F0-97CF-D2EFCCE1C1A0}.Release|x64.Build.0 = Release|x64
		{339AE708-2BCD-46F0-97CF-D2EFCCE1C1A0}.Release|x86.ActiveCfg = Release|Win32
		{339AE708-2BCD-46F0-97CF-D2EFCCE1C1A0}.Release|x86.Build.0 = Release|Win32
		{833F90B3-F10B-4053-ABF1-D2868DE72301}.Debug|x64.ActiveCfg = Debug|x64
		{833F90B3-F10B-4053-ABF1-D2868DE72301}.Debug|x64.Build.0 = Debug|x64
		{833F90B3-F10B-4053-ABF1-D2868DE72301}.Debug|x86.ActiveCfg = Debug|Win32
		{833F90B3-F10B-4053-ABF1-D2868DE72301}.Debug|x86.Build.0 = Debug|Win32
		{833F90B3-F10B-4053-ABF1-D2868DE72301}.Release|x64.ActiveCfg = Release|x64
		{833F90B3-F10B-4053-ABF1-D2868DE72301}.Release|x64.Build.0 = Release|x64
		{833F90B3-F10B-4053-ABF1-D2868DE72301}.Release|x86.ActiveCfg = Release|Win32
		{833F90B3-F10B-4053-ABF1-D2868DE72301}.Release|x86.Build.0 = Release|Win32
		{83012E45-8039-49C3-A905-BB50CE2B17E6}.Debug|x64.ActiveCfg = Debug|x64
		{83012E45-8039-49C3-A905-BB50CE2B17E6}.Debug|x64.Build.0 = Debug|x64
		{83012E45-8039-49C3-A905-BB50CE2B17E6}.Debug|x86.ActiveCfg = Debug|Win32
		{83012E45-8039-49C3-A905-BB50CE2B17E6}.Debug|x86.Build.0 = Debug|Win32
		{83012E45-8039-49C3-A905-BB50CE2B17E6}.Release|x64.ActiveCfg = Release|x64
		{83012E45-8039-49C3-A905-BB50CE2B17E6}.Release|x64.Build.0 = Release|x64
		{83012E45-8039-49C3-A905-BB50CE2B17E6}.Release|x86.ActiveCfg = Release|Win32
		{83012E45-8039-49C3-A905-BB50CE2B17E6}.Release|x86.Build.0 = Release|Win32
	EndGlobalSection
	GlobalSection(SolutionProperties) = preSolution
		HideSolutionNode = FALSE
	EndGlobalSection
	GlobalSection(ExtensibilityGlobals) = postSolution
		SolutionGuid = {232F7F8D-7AEF-4FC0-8D8F-9403B30BFFC5}
	EndGlobalSection
EndGlobal
